// !$*UTF8*$!
{
	archiveVersion = 1;
	classes = {
	};
	objectVersion = 77;
	objects = {

/* Begin PBXBuildFile section */
		158E1F1B2E0FDDB500D81F36 /* LocationManager.swift in Sources */ = {isa = PBXBuildFile; fileRef = 158E1F1A2E0FDDB500D81F36 /* LocationManager.swift */; };
		15E0E1CD2E102E5F00C57C10 /* CurrentWeatherModel.swift in Sources */ = {isa = PBXBuildFile; fileRef = 15E0E1CC2E102E5F00C57C10 /* CurrentWeatherModel.swift */; };
		15E0E1D02E102F7900C57C10 /* CurrentWeatherService.swift in Sources */ = {isa = PBXBuildFile; fileRef = 15E0E1CF2E102F7900C57C10 /* CurrentWeatherService.swift */; };
		15E0E1D32E1030FB00C57C10 /* BaseURL.swift in Sources */ = {isa = PBXBuildFile; fileRef = 15E0E1D22E1030FB00C57C10 /* BaseURL.swift */; };
		15E0E1D72E1031EC00C57C10 /* CurrentWeatherViewModel.swift in Sources */ = {isa = PBXBuildFile; fileRef = 15E0E1D62E1031EC00C57C10 /* CurrentWeatherViewModel.swift */; };
		15FDA0AB2E0EE1FF00307357 /* MainTabBarController.swift in Sources */ = {isa = PBXBuildFile; fileRef = 15FDA0AA2E0EE1FF00307357 /* MainTabBarController.swift */; };
		15FDA0AF2E0EE2C100307357 /* WeatherHomeViewController.swift in Sources */ = {isa = PBXBuildFile; fileRef = 15FDA0AE2E0EE2C100307357 /* WeatherHomeViewController.swift */; };
		15FDA0B22E0EE31D00307357 /* SnapKit in Frameworks */ = {isa = PBXBuildFile; productRef = 15FDA0B12E0EE31D00307357 /* SnapKit */; };
/* End PBXBuildFile section */

/* Begin PBXFileReference section */
		158E1F1A2E0FDDB500D81F36 /* LocationManager.swift */ = {isa = PBXFileReference; lastKnownFileType = sourcecode.swift; path = LocationManager.swift; sourceTree = "<group>"; };
		15E0E1CC2E102E5F00C57C10 /* CurrentWeatherModel.swift */ = {isa = PBXFileReference; lastKnownFileType = sourcecode.swift; path = CurrentWeatherModel.swift; sourceTree = "<group>"; };
		15E0E1CF2E102F7900C57C10 /* CurrentWeatherService.swift */ = {isa = PBXFileReference; lastKnownFileType = sourcecode.swift; path = CurrentWeatherService.swift; sourceTree = "<group>"; };
		15E0E1D22E1030FB00C57C10 /* BaseURL.swift */ = {isa = PBXFileReference; lastKnownFileType = sourcecode.swift; path = BaseURL.swift; sourceTree = "<group>"; };
		15E0E1D62E1031EC00C57C10 /* CurrentWeatherViewModel.swift */ = {isa = PBXFileReference; lastKnownFileType = sourcecode.swift; path = CurrentWeatherViewModel.swift; sourceTree = "<group>"; };
		15FDA0912E0EE07200307357 /* OpenWeather.app */ = {isa = PBXFileReference; explicitFileType = wrapper.application; includeInIndex = 0; path = OpenWeather.app; sourceTree = BUILT_PRODUCTS_DIR; };
		15FDA0AA2E0EE1FF00307357 /* MainTabBarController.swift */ = {isa = PBXFileReference; lastKnownFileType = sourcecode.swift; path = MainTabBarController.swift; sourceTree = "<group>"; };
		15FDA0AE2E0EE2C100307357 /* WeatherHomeViewController.swift */ = {isa = PBXFileReference; lastKnownFileType = sourcecode.swift; path = WeatherHomeViewController.swift; sourceTree = "<group>"; };
/* End PBXFileReference section */

/* Begin PBXFileSystemSynchronizedBuildFileExceptionSet section */
		15FDA0A32E0EE07400307357 /* Exceptions for "OpenWeather" folder in "OpenWeather" target */ = {
			isa = PBXFileSystemSynchronizedBuildFileExceptionSet;
			membershipExceptions = (
				Info.plist,
			);
			target = 15FDA0902E0EE07200307357 /* OpenWeather */;
		};
/* End PBXFileSystemSynchronizedBuildFileExceptionSet section */

/* Begin PBXFileSystemSynchronizedRootGroup section */
		15FDA0932E0EE07200307357 /* OpenWeather */ = {
			isa = PBXFileSystemSynchronizedRootGroup;
			exceptions = (
				15FDA0A32E0EE07400307357 /* Exceptions for "OpenWeather" folder in "OpenWeather" target */,
			);
			path = OpenWeather;
			sourceTree = "<group>";
		};
/* End PBXFileSystemSynchronizedRootGroup section */

/* Begin PBXFrameworksBuildPhase section */
		15FDA08E2E0EE07200307357 /* Frameworks */ = {
			isa = PBXFrameworksBuildPhase;
			buildActionMask = 2147483647;
			files = (
				15FDA0B22E0EE31D00307357 /* SnapKit in Frameworks */,
			);
			runOnlyForDeploymentPostprocessing = 0;
		};
/* End PBXFrameworksBuildPhase section */

/* Begin PBXGroup section */
		158E1F192E0FDDA400D81F36 /* Managers */ = {
			isa = PBXGroup;
			children = (
				158E1F1A2E0FDDB500D81F36 /* LocationManager.swift */,
			);
			path = Managers;
			sourceTree = "<group>";
		};
		15E0E1C92E102C8F00C57C10 /* Models */ = {
			isa = PBXGroup;
			children = (
				15E0E1CC2E102E5F00C57C10 /* CurrentWeatherModel.swift */,
			);
			path = Models;
			sourceTree = "<group>";
		};
		15E0E1CE2E102F5200C57C10 /* Services */ = {
			isa = PBXGroup;
			children = (
				15E0E1CF2E102F7900C57C10 /* CurrentWeatherService.swift */,
			);
			path = Services;
			sourceTree = "<group>";
		};
		15E0E1D12E1030C300C57C10 /* Configs */ = {
			isa = PBXGroup;
			children = (
				15E0E1D22E1030FB00C57C10 /* BaseURL.swift */,
			);
			path = Configs;
			sourceTree = "<group>";
		};
		15E0E1D42E1031CE00C57C10 /* ViewModels */ = {
			isa = PBXGroup;
			children = (
				15E0E1D52E1031D800C57C10 /* CurrentWeatherVM */,
			);
			path = ViewModels;
			sourceTree = "<group>";
		};
		15E0E1D52E1031D800C57C10 /* CurrentWeatherVM */ = {
			isa = PBXGroup;
			children = (
				15E0E1D62E1031EC00C57C10 /* CurrentWeatherViewModel.swift */,
			);
			path = CurrentWeatherVM;
			sourceTree = "<group>";
		};
		15FDA0882E0EE07200307357 = {
			isa = PBXGroup;
			children = (
				15E0E1D42E1031CE00C57C10 /* ViewModels */,
				15E0E1D12E1030C300C57C10 /* Configs */,
				15E0E1CE2E102F5200C57C10 /* Services */,
				15E0E1C92E102C8F00C57C10 /* Models */,
				158E1F192E0FDDA400D81F36 /* Managers */,
				15FDA0AC2E0EE2AF00307357 /* Views */,
				15FDA0A92E0EE1E500307357 /* TabBar */,
				15FDA0932E0EE07200307357 /* OpenWeather */,
				15FDA0922E0EE07200307357 /* Products */,
			);
			sourceTree = "<group>";
		};
		15FDA0922E0EE07200307357 /* Products */ = {
			isa = PBXGroup;
			children = (
				15FDA0912E0EE07200307357 /* OpenWeather.app */,
			);
			name = Products;
			sourceTree = "<group>";
		};
		15FDA0A92E0EE1E500307357 /* TabBar */ = {
			isa = PBXGroup;
			children = (
				15FDA0AA2E0EE1FF00307357 /* MainTabBarController.swift */,
			);
			path = TabBar;
			sourceTree = "<group>";
		};
		15FDA0AC2E0EE2AF00307357 /* Views */ = {
			isa = PBXGroup;
			children = (
				15FDA0AD2E0EE2B400307357 /* WeatherViews */,
			);
			path = Views;
			sourceTree = "<group>";
		};
		15FDA0AD2E0EE2B400307357 /* WeatherViews */ = {
			isa = PBXGroup;
			children = (
				15FDA0AE2E0EE2C100307357 /* WeatherHomeViewController.swift */,
			);
			path = WeatherViews;
			sourceTree = "<group>";
		};
/* End PBXGroup section */

/* Begin PBXNativeTarget section */
		15FDA0902E0EE07200307357 /* OpenWeather */ = {
			isa = PBXNativeTarget;
			buildConfigurationList = 15FDA0A42E0EE07400307357 /* Build configuration list for PBXNativeTarget "OpenWeather" */;
			buildPhases = (
				15FDA08D2E0EE07200307357 /* Sources */,
				15FDA08E2E0EE07200307357 /* Frameworks */,
				15FDA08F2E0EE07200307357 /* Resources */,
			);
			buildRules = (
			);
			dependencies = (
			);
			fileSystemSynchronizedGroups = (
				15FDA0932E0EE07200307357 /* OpenWeather */,
			);
			name = OpenWeather;
			packageProductDependencies = (
				15FDA0B12E0EE31D00307357 /* SnapKit */,
			);
			productName = OpenWeather;
			productReference = 15FDA0912E0EE07200307357 /* OpenWeather.app */;
			productType = "com.apple.product-type.application";
		};
/* End PBXNativeTarget section */

/* Begin PBXProject section */
		15FDA0892E0EE07200307357 /* Project object */ = {
			isa = PBXProject;
			attributes = {
				BuildIndependentTargetsInParallel = 1;
				LastSwiftUpdateCheck = 1640;
				LastUpgradeCheck = 1640;
				TargetAttributes = {
					15FDA0902E0EE07200307357 = {
						CreatedOnToolsVersion = 16.4;
					};
				};
			};
			buildConfigurationList = 15FDA08C2E0EE07200307357 /* Build configuration list for PBXProject "OpenWeather" */;
			developmentRegion = en;
			hasScannedForEncodings = 0;
			knownRegions = (
				en,
				Base,
			);
			mainGroup = 15FDA0882E0EE07200307357;
			minimizedProjectReferenceProxies = 1;
			packageReferences = (
				15FDA0B02E0EE31D00307357 /* XCRemoteSwiftPackageReference "SnapKit" */,
			);
			preferredProjectObjectVersion = 77;
			productRefGroup = 15FDA0922E0EE07200307357 /* Products */;
			projectDirPath = "";
			projectRoot = "";
			targets = (
				15FDA0902E0EE07200307357 /* OpenWeather */,
			);
		};
/* End PBXProject section */

/* Begin PBXResourcesBuildPhase section */
		15FDA08F2E0EE07200307357 /* Resources */ = {
			isa = PBXResourcesBuildPhase;
			buildActionMask = 2147483647;
			files = (
			);
			runOnlyForDeploymentPostprocessing = 0;
		};
/* End PBXResourcesBuildPhase section */

/* Begin PBXSourcesBuildPhase section */
		15FDA08D2E0EE07200307357 /* Sources */ = {
			isa = PBXSourcesBuildPhase;
			buildActionMask = 2147483647;
			files = (
				158E1F1B2E0FDDB500D81F36 /* LocationManager.swift in Sources */,
				15E0E1D02E102F7900C57C10 /* CurrentWeatherService.swift in Sources */,
				15E0E1CD2E102E5F00C57C10 /* CurrentWeatherModel.swift in Sources */,
				15FDA0AF2E0EE2C100307357 /* WeatherHomeViewController.swift in Sources */,
				15E0E1D72E1031EC00C57C10 /* CurrentWeatherViewModel.swift in Sources */,
				15FDA0AB2E0EE1FF00307357 /* MainTabBarController.swift in Sources */,
				15E0E1D32E1030FB00C57C10 /* BaseURL.swift in Sources */,
			);
			runOnlyForDeploymentPostprocessing = 0;
		};
/* End PBXSourcesBuildPhase section */

/* Begin XCBuildConfiguration section */
		15FDA0A52E0EE07400307357 /* Debug */ = {
			isa = XCBuildConfiguration;
			buildSettings = {
				ASSETCATALOG_COMPILER_APPICON_NAME = AppIcon;
				ASSETCATALOG_COMPILER_GLOBAL_ACCENT_COLOR_NAME = AccentColor;
				CODE_SIGN_STYLE = Automatic;
				CURRENT_PROJECT_VERSION = 1;
				DEVELOPMENT_TEAM = G5A93Q7SG9;
				GENERATE_INFOPLIST_FILE = YES;
				INFOPLIST_FILE = OpenWeather/Info.plist;
				INFOPLIST_KEY_UIApplicationSupportsIndirectInputEvents = YES;
				INFOPLIST_KEY_UILaunchStoryboardName = LaunchScreen;
				INFOPLIST_KEY_UISupportedInterfaceOrientations_iPad = "UIInterfaceOrientationPortrait UIInterfaceOrientationPortraitUpsideDown UIInterfaceOrientationLandscapeLeft UIInterfaceOrientationLandscapeRight";
				INFOPLIST_KEY_UISupportedInterfaceOrientations_iPhone = "UIInterfaceOrientationPortrait UIInterfaceOrientationLandscapeLeft UIInterfaceOrientationLandscapeRight";
				LD_RUNPATH_SEARCH_PATHS = (
					"$(inherited)",
					"@executable_path/Frameworks",
				);
				MARKETING_VERSION = 1.0;
				PRODUCT_BUNDLE_IDENTIFIER = co.willyhsu.OpenWeather;
				PRODUCT_NAME = "$(TARGET_NAME)";
				SWIFT_EMIT_LOC_STRINGS = YES;
				SWIFT_VERSION = 5.0;
				TARGETED_DEVICE_FAMILY = "1,2";
			};
			name = Debug;
		};
		15FDA0A62E0EE07400307357 /* Release */ = {
			isa = XCBuildConfiguration;
			buildSettings = {
				ASSETCATALOG_COMPILER_APPICON_NAME = AppIcon;
				ASSETCATALOG_COMPILER_GLOBAL_ACCENT_COLOR_NAME = AccentColor;
				CODE_SIGN_STYLE = Automatic;
				CURRENT_PROJECT_VERSION = 1;
				DEVELOPMENT_TEAM = G5A93Q7SG9;
				GENERATE_INFOPLIST_FILE = YES;
				INFOPLIST_FILE = OpenWeather/Info.plist;
				INFOPLIST_KEY_UIApplicationSupportsIndirectInputEvents = YES;
				INFOPLIST_KEY_UILaunchStoryboardName = LaunchScreen;
				INFOPLIST_KEY_UISupportedInterfaceOrientations_iPad = "UIInterfaceOrientationPortrait UIInterfaceOrientationPortraitUpsideDown UIInterfaceOrientationLandscapeLeft UIInterfaceOrientationLandscapeRight";
				INFOPLIST_KEY_UISupportedInterfaceOrientations_iPhone = "UIInterfaceOrientationPortrait UIInterfaceOrientationLandscapeLeft UIInterfaceOrientationLandscapeRight";
				LD_RUNPATH_SEARCH_PATHS = (
					"$(inherited)",
					"@executable_path/Frameworks",
				);
				MARKETING_VERSION = 1.0;
				PRODUCT_BUNDLE_IDENTIFIER = co.willyhsu.OpenWeather;
				PRODUCT_NAME = "$(TARGET_NAME)";
				SWIFT_EMIT_LOC_STRINGS = YES;
				SWIFT_VERSION = 5.0;
				TARGETED_DEVICE_FAMILY = "1,2";
			};
			name = Release;
		};
		15FDA0A72E0EE07400307357 /* Debug */ = {
			isa = XCBuildConfiguration;
			buildSettings = {
				ALWAYS_SEARCH_USER_PATHS = NO;
				ASSETCATALOG_COMPILER_GENERATE_SWIFT_ASSET_SYMBOL_EXTENSIONS = YES;
				CLANG_ANALYZER_NONNULL = YES;
				CLANG_ANALYZER_NUMBER_OBJECT_CONVERSION = YES_AGGRESSIVE;
				CLANG_CXX_LANGUAGE_STANDARD = "gnu++20";
				CLANG_ENABLE_MODULES = YES;
				CLANG_ENABLE_OBJC_ARC = YES;
				CLANG_ENABLE_OBJC_WEAK = YES;
				CLANG_WARN_BLOCK_CAPTURE_AUTORELEASING = YES;
				CLANG_WARN_BOOL_CONVERSION = YES;
				CLANG_WARN_COMMA = YES;
				CLANG_WARN_CONSTANT_CONVERSION = YES;
				CLANG_WARN_DEPRECATED_OBJC_IMPLEMENTATIONS = YES;
				CLANG_WARN_DIRECT_OBJC_ISA_USAGE = YES_ERROR;
				CLANG_WARN_DOCUMENTATION_COMMENTS = YES;
				CLANG_WARN_EMPTY_BODY = YES;
				CLANG_WARN_ENUM_CONVERSION = YES;
				CLANG_WARN_INFINITE_RECURSION = YES;
				CLANG_WARN_INT_CONVERSION = YES;
				CLANG_WARN_NON_LITERAL_NULL_CONVERSION = YES;
				CLANG_WARN_OBJC_IMPLICIT_RETAIN_SELF = YES;
				CLANG_WARN_OBJC_LITERAL_CONVERSION = YES;
				CLANG_WARN_OBJC_ROOT_CLASS = YES_ERROR;
				CLANG_WARN_QUOTED_INCLUDE_IN_FRAMEWORK_HEADER = YES;
				CLANG_WARN_RANGE_LOOP_ANALYSIS = YES;
				CLANG_WARN_STRICT_PROTOTYPES = YES;
				CLANG_WARN_SUSPICIOUS_MOVE = YES;
				CLANG_WARN_UNGUARDED_AVAILABILITY = YES_AGGRESSIVE;
				CLANG_WARN_UNREACHABLE_CODE = YES;
				CLANG_WARN__DUPLICATE_METHOD_MATCH = YES;
				COPY_PHASE_STRIP = NO;
				DEBUG_INFORMATION_FORMAT = dwarf;
				DEVELOPMENT_TEAM = G5A93Q7SG9;
				ENABLE_STRICT_OBJC_MSGSEND = YES;
				ENABLE_TESTABILITY = YES;
				ENABLE_USER_SCRIPT_SANDBOXING = YES;
				GCC_C_LANGUAGE_STANDARD = gnu17;
				GCC_DYNAMIC_NO_PIC = NO;
				GCC_NO_COMMON_BLOCKS = YES;
				GCC_OPTIMIZATION_LEVEL = 0;
				GCC_PREPROCESSOR_DEFINITIONS = (
					"DEBUG=1",
					"$(inherited)",
				);
				GCC_WARN_64_TO_32_BIT_CONVERSION = YES;
				GCC_WARN_ABOUT_RETURN_TYPE = YES_ERROR;
				GCC_WARN_UNDECLARED_SELECTOR = YES;
				GCC_WARN_UNINITIALIZED_AUTOS = YES_AGGRESSIVE;
				GCC_WARN_UNUSED_FUNCTION = YES;
				GCC_WARN_UNUSED_VARIABLE = YES;
				IPHONEOS_DEPLOYMENT_TARGET = 18.5;
				LOCALIZATION_PREFERS_STRING_CATALOGS = YES;
				MTL_ENABLE_DEBUG_INFO = INCLUDE_SOURCE;
				MTL_FAST_MATH = YES;
				ONLY_ACTIVE_ARCH = YES;
				SDKROOT = iphoneos;
				SWIFT_ACTIVE_COMPILATION_CONDITIONS = "DEBUG $(inherited)";
				SWIFT_OPTIMIZATION_LEVEL = "-Onone";
			};
			name = Debug;
		};
		15FDA0A82E0EE07400307357 /* Release */ = {
			isa = XCBuildConfiguration;
			buildSettings = {
				ALWAYS_SEARCH_USER_PATHS = NO;
				ASSETCATALOG_COMPILER_GENERATE_SWIFT_ASSET_SYMBOL_EXTENSIONS = YES;
				CLANG_ANALYZER_NONNULL = YES;
				CLANG_ANALYZER_NUMBER_OBJECT_CONVERSION = YES_AGGRESSIVE;
				CLANG_CXX_LANGUAGE_STANDARD = "gnu++20";
				CLANG_ENABLE_MODULES = YES;
				CLANG_ENABLE_OBJC_ARC = YES;
				CLANG_ENABLE_OBJC_WEAK = YES;
				CLANG_WARN_BLOCK_CAPTURE_AUTORELEASING = YES;
				CLANG_WARN_BOOL_CONVERSION = YES;
				CLANG_WARN_COMMA = YES;
				CLANG_WARN_CONSTANT_CONVERSION = YES;
				CLANG_WARN_DEPRECATED_OBJC_IMPLEMENTATIONS = YES;
				CLANG_WARN_DIRECT_OBJC_ISA_USAGE = YES_ERROR;
				CLANG_WARN_DOCUMENTATION_COMMENTS = YES;
				CLANG_WARN_EMPTY_BODY = YES;
				CLANG_WARN_ENUM_CONVERSION = YES;
				CLANG_WARN_INFINITE_RECURSION = YES;
				CLANG_WARN_INT_CONVERSION = YES;
				CLANG_WARN_NON_LITERAL_NULL_CONVERSION = YES;
				CLANG_WARN_OBJC_IMPLICIT_RETAIN_SELF = YES;
				CLANG_WARN_OBJC_LITERAL_CONVERSION = YES;
				CLANG_WARN_OBJC_ROOT_CLASS = YES_ERROR;
				CLANG_WARN_QUOTED_INCLUDE_IN_FRAMEWORK_HEADER = YES;
				CLANG_WARN_RANGE_LOOP_ANALYSIS = YES;
				CLANG_WARN_STRICT_PROTOTYPES = YES;
				CLANG_WARN_SUSPICIOUS_MOVE = YES;
				CLANG_WARN_UNGUARDED_AVAILABILITY = YES_AGGRESSIVE;
				CLANG_WARN_UNREACHABLE_CODE = YES;
				CLANG_WARN__DUPLICATE_METHOD_MATCH = YES;
				COPY_PHASE_STRIP = NO;
				DEBUG_INFORMATION_FORMAT = "dwarf-with-dsym";
				DEVELOPMENT_TEAM = G5A93Q7SG9;
				ENABLE_NS_ASSERTIONS = NO;
				ENABLE_STRICT_OBJC_MSGSEND = YES;
				ENABLE_USER_SCRIPT_SANDBOXING = YES;
				GCC_C_LANGUAGE_STANDARD = gnu17;
				GCC_NO_COMMON_BLOCKS = YES;
				GCC_WARN_64_TO_32_BIT_CONVERSION = YES;
				GCC_WARN_ABOUT_RETURN_TYPE = YES_ERROR;
				GCC_WARN_UNDECLARED_SELECTOR = YES;
				GCC_WARN_UNINITIALIZED_AUTOS = YES_AGGRESSIVE;
				GCC_WARN_UNUSED_FUNCTION = YES;
				GCC_WARN_UNUSED_VARIABLE = YES;
				IPHONEOS_DEPLOYMENT_TARGET = 18.5;
				LOCALIZATION_PREFERS_STRING_CATALOGS = YES;
				MTL_ENABLE_DEBUG_INFO = NO;
				MTL_FAST_MATH = YES;
				SDKROOT = iphoneos;
				SWIFT_COMPILATION_MODE = wholemodule;
				VALIDATE_PRODUCT = YES;
			};
			name = Release;
		};
/* End XCBuildConfiguration section */

/* Begin XCConfigurationList section */
		15FDA08C2E0EE07200307357 /* Build configuration list for PBXProject "OpenWeather" */ = {
			isa = XCConfigurationList;
			buildConfigurations = (
				15FDA0A72E0EE07400307357 /* Debug */,
				15FDA0A82E0EE07400307357 /* Release */,
			);
			defaultConfigurationIsVisible = 0;
			defaultConfigurationName = Release;
		};
		15FDA0A42E0EE07400307357 /* Build configuration list for PBXNativeTarget "OpenWeather" */ = {
			isa = XCConfigurationList;
			buildConfigurations = (
				15FDA0A52E0EE07400307357 /* Debug */,
				15FDA0A62E0EE07400307357 /* Release */,
			);
			defaultConfigurationIsVisible = 0;
			defaultConfigurationName = Release;
		};
/* End XCConfigurationList section */

/* Begin XCRemoteSwiftPackageReference section */
		15FDA0B02E0EE31D00307357 /* XCRemoteSwiftPackageReference "SnapKit" */ = {
			isa = XCRemoteSwiftPackageReference;
			repositoryURL = "https://github.com/SnapKit/SnapKit";
			requirement = {
				kind = upToNextMajorVersion;
				minimumVersion = 5.7.1;
			};
		};
/* End XCRemoteSwiftPackageReference section */

/* Begin XCSwiftPackageProductDependency section */
		15FDA0B12E0EE31D00307357 /* SnapKit */ = {
			isa = XCSwiftPackageProductDependency;
			package = 15FDA0B02E0EE31D00307357 /* XCRemoteSwiftPackageReference "SnapKit" */;
			productName = SnapKit;
		};
/* End XCSwiftPackageProductDependency section */
	};
	rootObject = 15FDA0892E0EE07200307357 /* Project object */;
}
