{
  "originHash" : "2afd5f7c5b9e19c2a9814a1278db6154916d263c1b8cfa1f9a825080f761696a",
  "pins" : [
    {
      "identity" : "lottie-ios",
      "kind" : "remoteSourceControl",
      "location" : "https://github.com/airbnb/lottie-ios",
      "state" : {
        "revision" : "a004050748dc197c56256a14dca49a035d74726c",
        "version" : "4.5.2"
      }
    },
    {
      "identity" : "sdwebimage",
      "kind" : "remoteSourceControl",
      "location" : "https://github.com/SDWebImage/SDWebImage",
      "state" : {
        "revision" : "b62cb63bf4ed1f04c961a56c9c6c9d5ab8524ec6",
        "version" : "5.21.1"
      }
    },
    {
      "identity" : "skeletonview",
      "kind" : "remoteSourceControl",
      "location" : "https://github.com/Juanpe/SkeletonView",
      "state" : {
        "revision" : "2f5274827d310e32c09325dd3e0007120940988e",
        "version" : "1.31.0"
      }
    },
    {
      "identity" : "snapkit",
      "kind" : "remoteSourceControl",
      "location" : "https://github.com/SnapKit/SnapKit",
      "state" : {
        "revision" : "2842e6e84e82eb9a8dac0100ca90d9444b0307f4",
        "version" : "5.7.1"
      }
    }
  ],
  "version" : 3
}
